// !$*UTF8*$!
{
	archiveVersion = 1;
	classes = {
	};
	objectVersion = 77;
	objects = {

/* Begin PBXContainerItemProxy section */
		183E9DDF2CEF52F90044F3C4 /* PBXContainerItemProxy */ = {
			isa = PBXContainerItemProxy;
			containerPortal = 183E9DC02CEF52F70044F3C4 /* Project object */;
			proxyType = 1;
			remoteGlobalIDString = 183E9DC72CEF52F70044F3C4;
			remoteInfo = RamdomHeroApp;
		};
		183E9DE92CEF52F90044F3C4 /* PBXContainerItemProxy */ = {
			isa = PBXContainerItemProxy;
			containerPortal = 183E9DC02CEF52F70044F3C4 /* Project object */;
			proxyType = 1;
			remoteGlobalIDString = 183E9DC72CEF52F70044F3C4;
			remoteInfo = RamdomHeroApp;
		};
/* End PBXContainerItemProxy section */

/* Begin PBXFileReference section */
		183E9DC82CEF52F70044F3C4 /* RamdomHeroApp.app */ = {isa = PBXFileReference; explicitFileType = wrapper.application; includeInIndex = 0; path = RamdomHeroApp.app; sourceTree = BUILT_PRODUCTS_DIR; };
		183E9DDE2CEF52F90044F3C4 /* RamdomHeroAppTests.xctest */ = {isa = PBXFileReference; explicitFileType = wrapper.cfbundle; includeInIndex = 0; path = RamdomHeroAppTests.xctest; sourceTree = BUILT_PRODUCTS_DIR; };
		183E9DE82CEF52F90044F3C4 /* RamdomHeroAppUITests.xctest */ = {isa = PBXFileReference; explicitFileType = wrapper.cfbundle; includeInIndex = 0; path = RamdomHeroAppUITests.xctest; sourceTree = BUILT_PRODUCTS_DIR; };
/* End PBXFileReference section */

/* Begin PBXFileSystemSynchronizedBuildFileExceptionSet section */
		183E9DF02CEF52F90044F3C4 /* Exceptions for "RamdomHeroApp" folder in "RamdomHeroApp" target */ = {
			isa = PBXFileSystemSynchronizedBuildFileExceptionSet;
			membershipExceptions = (
				Info.plist,
			);
			target = 183E9DC72CEF52F70044F3C4 /* RamdomHeroApp */;
		};
/* End PBXFileSystemSynchronizedBuildFileExceptionSet section */

/* Begin PBXFileSystemSynchronizedRootGroup section */
		183E9DCA2CEF52F70044F3C4 /* RamdomHeroApp */ = {
			isa = PBXFileSystemSynchronizedRootGroup;
			exceptions = (
				183E9DF02CEF52F90044F3C4 /* Exceptions for "RamdomHeroApp" folder in "RamdomHeroApp" target */,
			);
			path = RamdomHeroApp;
			sourceTree = "<group>";
		};
/* End PBXFileSystemSynchronizedRootGroup section */

/* Begin PBXFrameworksBuildPhase section */
		183E9DC52CEF52F70044F3C4 /* Frameworks */ = {
			isa = PBXFrameworksBuildPhase;
			buildActionMask = 2147483647;
			files = (
			);
			runOnlyForDeploymentPostprocessing = 0;
		};
		183E9DDB2CEF52F90044F3C4 /* Frameworks */ = {
			isa = PBXFrameworksBuildPhase;
			buildActionMask = 2147483647;
			files = (
			);
			runOnlyForDeploymentPostprocessing = 0;
		};
		183E9DE52CEF52F90044F3C4 /* Frameworks */ = {
			isa = PBXFrameworksBuildPhase;
			buildActionMask = 2147483647;
			files = (
			);
			runOnlyForDeploymentPostprocessing = 0;
		};
/* End PBXFrameworksBuildPhase section */

/* Begin PBXGroup section */
		183E9DBF2CEF52F70044F3C4 = {
			isa = PBXGroup;
			children = (
				183E9DCA2CEF52F70044F3C4 /* RamdomHeroApp */,
				183E9DC92CEF52F70044F3C4 /* Products */,
			);
			sourceTree = "<group>";
		};
		183E9DC92CEF52F70044F3C4 /* Products */ = {
			isa = PBXGroup;
			children = (
				183E9DC82CEF52F70044F3C4 /* RamdomHeroApp.app */,
				183E9DDE2CEF52F90044F3C4 /* RamdomHeroAppTests.xctest */,
				183E9DE82CEF52F90044F3C4 /* RamdomHeroAppUITests.xctest */,
			);
			name = Products;
			sourceTree = "<group>";
		};
/* End PBXGroup section */

/* Begin PBXNativeTarget section */
		183E9DC72CEF52F70044F3C4 /* RamdomHeroApp */ = {
			isa = PBXNativeTarget;
			buildConfigurationList = 183E9DF12CEF52F90044F3C4 /* Build configuration list for PBXNativeTarget "RamdomHeroApp" */;
			buildPhases = (
				183E9DC42CEF52F70044F3C4 /* Sources */,
				183E9DC52CEF52F70044F3C4 /* Frameworks */,
				183E9DC62CEF52F70044F3C4 /* Resources */,
			);
			buildRules = (
			);
			dependencies = (
			);
			fileSystemSynchronizedGroups = (
				183E9DCA2CEF52F70044F3C4 /* RamdomHeroApp */,
			);
			name = RamdomHeroApp;
			packageProductDependencies = (
			);
			productName = RamdomHeroApp;
			productReference = 183E9DC82CEF52F70044F3C4 /* RamdomHeroApp.app */;
			productType = "com.apple.product-type.application";
		};
		183E9DDD2CEF52F90044F3C4 /* RamdomHeroAppTests */ = {
			isa = PBXNativeTarget;
			buildConfigurationList = 183E9DF62CEF52F90044F3C4 /* Build configuration list for PBXNativeTarget "RamdomHeroAppTests" */;
			buildPhases = (
				183E9DDA2CEF52F90044F3C4 /* Sources */,
				183E9DDB2CEF52F90044F3C4 /* Frameworks */,
				183E9DDC2CEF52F90044F3C4 /* Resources */,
			);
			buildRules = (
			);
			dependencies = (
				183E9DE02CEF52F90044F3C4 /* PBXTargetDependency */,
			);
			name = RamdomHeroAppTests;
			packageProductDependencies = (
			);
			productName = RamdomHeroAppTests;
			productReference = 183E9DDE2CEF52F90044F3C4 /* RamdomHeroAppTests.xctest */;
			productType = "com.apple.product-type.bundle.unit-test";
		};
		183E9DE72CEF52F90044F3C4 /* RamdomHeroAppUITests */ = {
			isa = PBXNativeTarget;
			buildConfigurationList = 183E9DF92CEF52F90044F3C4 /* Build configuration list for PBXNativeTarget "RamdomHeroAppUITests" */;
			buildPhases = (
				183E9DE42CEF52F90044F3C4 /* Sources */,
				183E9DE52CEF52F90044F3C4 /* Frameworks */,
				183E9DE62CEF52F90044F3C4 /* Resources */,
			);
			buildRules = (
			);
			dependencies = (
				183E9DEA2CEF52F90044F3C4 /* PBXTargetDependency */,
			);
			name = RamdomHeroAppUITests;
			packageProductDependencies = (
			);
			productName = RamdomHeroAppUITests;
			productReference = 183E9DE82CEF52F90044F3C4 /* RamdomHeroAppUITests.xctest */;
			productType = "com.apple.product-type.bundle.ui-testing";
		};
/* End PBXNativeTarget section */

/* Begin PBXProject section */
		183E9DC02CEF52F70044F3C4 /* Project object */ = {
			isa = PBXProject;
			attributes = {
				BuildIndependentTargetsInParallel = 1;
				LastSwiftUpdateCheck = 1610;
				LastUpgradeCheck = 1610;
				TargetAttributes = {
					183E9DC72CEF52F70044F3C4 = {
						CreatedOnToolsVersion = 16.1;
					};
					183E9DDD2CEF52F90044F3C4 = {
						CreatedOnToolsVersion = 16.1;
						TestTargetID = 183E9DC72CEF52F70044F3C4;
					};
					183E9DE72CEF52F90044F3C4 = {
						CreatedOnToolsVersion = 16.1;
						TestTargetID = 183E9DC72CEF52F70044F3C4;
					};
				};
			};
			buildConfigurationList = 183E9DC32CEF52F70044F3C4 /* Build configuration list for PBXProject "RamdomHeroApp" */;
			developmentRegion = en;
			hasScannedForEncodings = 0;
			knownRegions = (
				en,
				Base,
			);
			mainGroup = 183E9DBF2CEF52F70044F3C4;
			minimizedProjectReferenceProxies = 1;
			preferredProjectObjectVersion = 77;
			productRefGroup = 183E9DC92CEF52F70044F3C4 /* Products */;
			projectDirPath = "";
			projectRoot = "";
			targets = (
				183E9DC72CEF52F70044F3C4 /* RamdomHeroApp */,
				183E9DDD2CEF52F90044F3C4 /* RamdomHeroAppTests */,
				183E9DE72CEF52F90044F3C4 /* RamdomHeroAppUITests */,
			);
		};
/* End PBXProject section */

/* Begin PBXResourcesBuildPhase section */
		183E9DC62CEF52F70044F3C4 /* Resources */ = {
			isa = PBXResourcesBuildPhase;
			buildActionMask = 2147483647;
			files = (
			);
			runOnlyForDeploymentPostprocessing = 0;
		};
		183E9DDC2CEF52F90044F3C4 /* Resources */ = {
			isa = PBXResourcesBuildPhase;
			buildActionMask = 2147483647;
			files = (
			);
			runOnlyForDeploymentPostprocessing = 0;
		};
		183E9DE62CEF52F90044F3C4 /* Resources */ = {
			isa = PBXResourcesBuildPhase;
			buildActionMask = 2147483647;
			files = (
			);
			runOnlyForDeploymentPostprocessing = 0;
		};
/* End PBXResourcesBuildPhase section */

/* Begin PBXSourcesBuildPhase section */
		183E9DC42CEF52F70044F3C4 /* Sources */ = {
			isa = PBXSourcesBuildPhase;
			buildActionMask = 2147483647;
			files = (
			);
			runOnlyForDeploymentPostprocessing = 0;
		};
		183E9DDA2CEF52F90044F3C4 /* Sources */ = {
			isa = PBXSourcesBuildPhase;
			buildActionMask = 2147483647;
			files = (
			);
			runOnlyForDeploymentPostprocessing = 0;
		};
		183E9DE42CEF52F90044F3C4 /* Sources */ = {
			isa = PBXSourcesBuildPhase;
			buildActionMask = 2147483647;
			files = (
			);
			runOnlyForDeploymentPostprocessing = 0;
		};
/* End PBXSourcesBuildPhase section */

/* Begin PBXTargetDependency section */
		183E9DE02CEF52F90044F3C4 /* PBXTargetDependency */ = {
			isa = PBXTargetDependency;
			target = 183E9DC72CEF52F70044F3C4 /* RamdomHeroApp */;
			targetProxy = 183E9DDF2CEF52F90044F3C4 /* PBXContainerItemProxy */;
		};
		183E9DEA2CEF52F90044F3C4 /* PBXTargetDependency */ = {
			isa = PBXTargetDependency;
			target = 183E9DC72CEF52F70044F3C4 /* RamdomHeroApp */;
			targetProxy = 183E9DE92CEF52F90044F3C4 /* PBXContainerItemProxy */;
		};
/* End PBXTargetDependency section */

/* Begin XCBuildConfiguration section */
		183E9DF22CEF52F90044F3C4 /* Debug */ = {
			isa = XCBuildConfiguration;
			buildSettings = {
				ASSETCATALOG_COMPILER_APPICON_NAME = AppIcon;
				ASSETCATALOG_COMPILER_GLOBAL_ACCENT_COLOR_NAME = AccentColor;
				CODE_SIGN_STYLE = Automatic;
				CURRENT_PROJECT_VERSION = 1;
				DEVELOPMENT_TEAM = 3K68AZZ67D;
				GENERATE_INFOPLIST_FILE = YES;
				INFOPLIST_FILE = RamdomHeroApp/Info.plist;
				INFOPLIST_KEY_UIApplicationSupportsIndirectInputEvents = YES;
				INFOPLIST_KEY_UILaunchStoryboardName = LaunchScreen;
				INFOPLIST_KEY_UIMainStoryboardFile = Main;
				INFOPLIST_KEY_UISupportedInterfaceOrientations_iPad = "UIInterfaceOrientationPortrait UIInterfaceOrientationPortraitUpsideDown UIInterfaceOrientationLandscapeLeft UIInterfaceOrientationLandscapeRight";
				INFOPLIST_KEY_UISupportedInterfaceOrientations_iPhone = "UIInterfaceOrientationPortrait UIInterfaceOrientationLandscapeLeft UIInterfaceOrientationLandscapeRight";
				LD_RUNPATH_SEARCH_PATHS = (
					"$(inherited)",
					"@executable_path/Frameworks",
				);
				MARKETING_VERSION = 1.0;
				PRODUCT_BUNDLE_IDENTIFIER = l.RamdomHeroApp;
				PRODUCT_NAME = "$(TARGET_NAME)";
				SWIFT_EMIT_LOC_STRINGS = YES;
				SWIFT_VERSION = 5.0;
				TARGETED_DEVICE_FAMILY = "1,2";
			};
			name = Debug;
		};
		183E9DF32CEF52F90044F3C4 /* Release */ = {
			isa = XCBuildConfiguration;
			buildSettings = {
				ASSETCATALOG_COMPILER_APPICON_NAME = AppIcon;
				ASSETCATALOG_COMPILER_GLOBAL_ACCENT_COLOR_NAME = AccentColor;
				CODE_SIGN_STYLE = Automatic;
				CURRENT_PROJECT_VERSION = 1;
				DEVELOPMENT_TEAM = 3K68AZZ67D;
				GENERATE_INFOPLIST_FILE = YES;
				INFOPLIST_FILE = RamdomHeroApp/Info.plist;
				INFOPLIST_KEY_UIApplicationSupportsIndirectInputEvents = YES;
				INFOPLIST_KEY_UILaunchStoryboardName = LaunchScreen;
				INFOPLIST_KEY_UIMainStoryboardFile = Main;
				INFOPLIST_KEY_UISupportedInterfaceOrientations_iPad = "UIInterfaceOrientationPortrait UIInterfaceOrientationPortraitUpsideDown UIInterfaceOrientationLandscapeLeft UIInterfaceOrientationLandscapeRight";
				INFOPLIST_KEY_UISupportedInterfaceOrientations_iPhone = "UIInterfaceOrientationPortrait UIInterfaceOrientationLandscapeLeft UIInterfaceOrientationLandscapeRight";
				LD_RUNPATH_SEARCH_PATHS = (
					"$(inherited)",
					"@executable_path/Frameworks",
				);
				MARKETING_VERSION = 1.0;
				PRODUCT_BUNDLE_IDENTIFIER = l.RamdomHeroApp;
				PRODUCT_NAME = "$(TARGET_NAME)";
				SWIFT_EMIT_LOC_STRINGS = YES;
				SWIFT_VERSION = 5.0;
				TARGETED_DEVICE_FAMILY = "1,2";
			};
			name = Release;
		};
		183E9DF42CEF52F90044F3C4 /* Debug */ = {
			isa = XCBuildConfiguration;
			buildSettings = {
				ALWAYS_SEARCH_USER_PATHS = NO;
				ASSETCATALOG_COMPILER_GENERATE_SWIFT_ASSET_SYMBOL_EXTENSIONS = YES;
				CLANG_ANALYZER_NONNULL = YES;
				CLANG_ANALYZER_NUMBER_OBJECT_CONVERSION = YES_AGGRESSIVE;
				CLANG_CXX_LANGUAGE_STANDARD = "gnu++20";
				CLANG_ENABLE_MODULES = YES;
				CLANG_ENABLE_OBJC_ARC = YES;
				CLANG_ENABLE_OBJC_WEAK = YES;
				CLANG_WARN_BLOCK_CAPTURE_AUTORELEASING = YES;
				CLANG_WARN_BOOL_CONVERSION = YES;
				CLANG_WARN_COMMA = YES;
				CLANG_WARN_CONSTANT_CONVERSION = YES;
				CLANG_WARN_DEPRECATED_OBJC_IMPLEMENTATIONS = YES;
				CLANG_WARN_DIRECT_OBJC_ISA_USAGE = YES_ERROR;
				CLANG_WARN_DOCUMENTATION_COMMENTS = YES;
				CLANG_WARN_EMPTY_BODY = YES;
				CLANG_WARN_ENUM_CONVERSION = YES;
				CLANG_WARN_INFINITE_RECURSION = YES;
				CLANG_WARN_INT_CONVERSION = YES;
				CLANG_WARN_NON_LITERAL_NULL_CONVERSION = YES;
				CLANG_WARN_OBJC_IMPLICIT_RETAIN_SELF = YES;
				CLANG_WARN_OBJC_LITERAL_CONVERSION = YES;
				CLANG_WARN_OBJC_ROOT_CLASS = YES_ERROR;
				CLANG_WARN_QUOTED_INCLUDE_IN_FRAMEWORK_HEADER = YES;
				CLANG_WARN_RANGE_LOOP_ANALYSIS = YES;
				CLANG_WARN_STRICT_PROTOTYPES = YES;
				CLANG_WARN_SUSPICIOUS_MOVE = YES;
				CLANG_WARN_UNGUARDED_AVAILABILITY = YES_AGGRESSIVE;
				CLANG_WARN_UNREACHABLE_CODE = YES;
				CLANG_WARN__DUPLICATE_METHOD_MATCH = YES;
				COPY_PHASE_STRIP = NO;
				DEBUG_INFORMATION_FORMAT = dwarf;
				ENABLE_STRICT_OBJC_MSGSEND = YES;
				ENABLE_TESTABILITY = YES;
				ENABLE_USER_SCRIPT_SANDBOXING = YES;
				GCC_C_LANGUAGE_STANDARD = gnu17;
				GCC_DYNAMIC_NO_PIC = NO;
				GCC_NO_COMMON_BLOCKS = YES;
				GCC_OPTIMIZATION_LEVEL = 0;
				GCC_PREPROCESSOR_DEFINITIONS = (
					"DEBUG=1",
					"$(inherited)",
				);
				GCC_WARN_64_TO_32_BIT_CONVERSION = YES;
				GCC_WARN_ABOUT_RETURN_TYPE = YES_ERROR;
				GCC_WARN_UNDECLARED_SELECTOR = YES;
				GCC_WARN_UNINITIALIZED_AUTOS = YES_AGGRESSIVE;
				GCC_WARN_UNUSED_FUNCTION = YES;
				GCC_WARN_UNUSED_VARIABLE = YES;
				IPHONEOS_DEPLOYMENT_TARGET = 18.1;
				LOCALIZATION_PREFERS_STRING_CATALOGS = YES;
				MTL_ENABLE_DEBUG_INFO = INCLUDE_SOURCE;
				MTL_FAST_MATH = YES;
				ONLY_ACTIVE_ARCH = YES;
				SDKROOT = iphoneos;
				SWIFT_ACTIVE_COMPILATION_CONDITIONS = "DEBUG $(inherited)";
				SWIFT_OPTIMIZATION_LEVEL = "-Onone";
			};
			name = Debug;
		};
		183E9DF52CEF52F90044F3C4 /* Release */ = {
			isa = XCBuildConfiguration;
			buildSettings = {
				ALWAYS_SEARCH_USER_PATHS = NO;
				ASSETCATALOG_COMPILER_GENERATE_SWIFT_ASSET_SYMBOL_EXTENSIONS = YES;
				CLANG_ANALYZER_NONNULL = YES;
				CLANG_ANALYZER_NUMBER_OBJECT_CONVERSION = YES_AGGRESSIVE;
				CLANG_CXX_LANGUAGE_STANDARD = "gnu++20";
				CLANG_ENABLE_MODULES = YES;
				CLANG_ENABLE_OBJC_ARC = YES;
				CLANG_ENABLE_OBJC_WEAK = YES;
				CLANG_WARN_BLOCK_CAPTURE_AUTORELEASING = YES;
				CLANG_WARN_BOOL_CONVERSION = YES;
				CLANG_WARN_COMMA = YES;
				CLANG_WARN_CONSTANT_CONVERSION = YES;
				CLANG_WARN_DEPRECATED_OBJC_IMPLEMENTATIONS = YES;
				CLANG_WARN_DIRECT_OBJC_ISA_USAGE = YES_ERROR;
				CLANG_WARN_DOCUMENTATION_COMMENTS = YES;
				CLANG_WARN_EMPTY_BODY = YES;
				CLANG_WARN_ENUM_CONVERSION = YES;
				CLANG_WARN_INFINITE_RECURSION = YES;
				CLANG_WARN_INT_CONVERSION = YES;
				CLANG_WARN_NON_LITERAL_NULL_CONVERSION = YES;
				CLANG_WARN_OBJC_IMPLICIT_RETAIN_SELF = YES;
				CLANG_WARN_OBJC_LITERAL_CONVERSION = YES;
				CLANG_WARN_OBJC_ROOT_CLASS = YES_ERROR;
				CLANG_WARN_QUOTED_INCLUDE_IN_FRAMEWORK_HEADER = YES;
				CLANG_WARN_RANGE_LOOP_ANALYSIS = YES;
				CLANG_WARN_STRICT_PROTOTYPES = YES;
				CLANG_WARN_SUSPICIOUS_MOVE = YES;
				CLANG_WARN_UNGUARDED_AVAILABILITY = YES_AGGRESSIVE;
				CLANG_WARN_UNREACHABLE_CODE = YES;
				CLANG_WARN__DUPLICATE_METHOD_MATCH = YES;
				COPY_PHASE_STRIP = NO;
				DEBUG_INFORMATION_FORMAT = "dwarf-with-dsym";
				ENABLE_NS_ASSERTIONS = NO;
				ENABLE_STRICT_OBJC_MSGSEND = YES;
				ENABLE_USER_SCRIPT_SANDBOXING = YES;
				GCC_C_LANGUAGE_STANDARD = gnu17;
				GCC_NO_COMMON_BLOCKS = YES;
				GCC_WARN_64_TO_32_BIT_CONVERSION = YES;
				GCC_WARN_ABOUT_RETURN_TYPE = YES_ERROR;
				GCC_WARN_UNDECLARED_SELECTOR = YES;
				GCC_WARN_UNINITIALIZED_AUTOS = YES_AGGRESSIVE;
				GCC_WARN_UNUSED_FUNCTION = YES;
				GCC_WARN_UNUSED_VARIABLE = YES;
				IPHONEOS_DEPLOYMENT_TARGET = 18.1;
				LOCALIZATION_PREFERS_STRING_CATALOGS = YES;
				MTL_ENABLE_DEBUG_INFO = NO;
				MTL_FAST_MATH = YES;
				SDKROOT = iphoneos;
				SWIFT_COMPILATION_MODE = wholemodule;
				VALIDATE_PRODUCT = YES;
			};
			name = Release;
		};
		183E9DF72CEF52F90044F3C4 /* Debug */ = {
			isa = XCBuildConfiguration;
			buildSettings = {
				BUNDLE_LOADER = "$(TEST_HOST)";
				CODE_SIGN_STYLE = Automatic;
				CURRENT_PROJECT_VERSION = 1;
				DEVELOPMENT_TEAM = 3K68AZZ67D;
				GENERATE_INFOPLIST_FILE = YES;
				IPHONEOS_DEPLOYMENT_TARGET = 18.1;
				MARKETING_VERSION = 1.0;
				PRODUCT_BUNDLE_IDENTIFIER = l.RamdomHeroAppTests;
				PRODUCT_NAME = "$(TARGET_NAME)";
				SWIFT_EMIT_LOC_STRINGS = NO;
				SWIFT_VERSION = 5.0;
				TARGETED_DEVICE_FAMILY = "1,2";
				TEST_HOST = "$(BUILT_PRODUCTS_DIR)/RamdomHeroApp.app/$(BUNDLE_EXECUTABLE_FOLDER_PATH)/RamdomHeroApp";
			};
			name = Debug;
		};
		183E9DF82CEF52F90044F3C4 /* Release */ = {
			isa = XCBuildConfiguration;
			buildSettings = {
				BUNDLE_LOADER = "$(TEST_HOST)";
				CODE_SIGN_STYLE = Automatic;
				CURRENT_PROJECT_VERSION = 1;
				DEVELOPMENT_TEAM = 3K68AZZ67D;
				GENERATE_INFOPLIST_FILE = YES;
				IPHONEOS_DEPLOYMENT_TARGET = 18.1;
				MARKETING_VERSION = 1.0;
				PRODUCT_BUNDLE_IDENTIFIER = l.RamdomHeroAppTests;
				PRODUCT_NAME = "$(TARGET_NAME)";
				SWIFT_EMIT_LOC_STRINGS = NO;
				SWIFT_VERSION = 5.0;
				TARGETED_DEVICE_FAMILY = "1,2";
				TEST_HOST = "$(BUILT_PRODUCTS_DIR)/RamdomHeroApp.app/$(BUNDLE_EXECUTABLE_FOLDER_PATH)/RamdomHeroApp";
			};
			name = Release;
		};
		183E9DFA2CEF52F90044F3C4 /* Debug */ = {
			isa = XCBuildConfiguration;
			buildSettings = {
				CODE_SIGN_STYLE = Automatic;
				CURRENT_PROJECT_VERSION = 1;
				DEVELOPMENT_TEAM = 3K68AZZ67D;
				GENERATE_INFOPLIST_FILE = YES;
				MARKETING_VERSION = 1.0;
				PRODUCT_BUNDLE_IDENTIFIER = l.RamdomHeroAppUITests;
				PRODUCT_NAME = "$(TARGET_NAME)";
				SWIFT_EMIT_LOC_STRINGS = NO;
				SWIFT_VERSION = 5.0;
				TARGETED_DEVICE_FAMILY = "1,2";
				TEST_TARGET_NAME = RamdomHeroApp;
			};
			name = Debug;
		};
		183E9DFB2CEF52F90044F3C4 /* Release */ = {
			isa = XCBuildConfiguration;
			buildSettings = {
				CODE_SIGN_STYLE = Automatic;
				CURRENT_PROJECT_VERSION = 1;
				DEVELOPMENT_TEAM = 3K68AZZ67D;
				GENERATE_INFOPLIST_FILE = YES;
				MARKETING_VERSION = 1.0;
				PRODUCT_BUNDLE_IDENTIFIER = l.RamdomHeroAppUITests;
				PRODUCT_NAME = "$(TARGET_NAME)";
				SWIFT_EMIT_LOC_STRINGS = NO;
				SWIFT_VERSION = 5.0;
				TARGETED_DEVICE_FAMILY = "1,2";
				TEST_TARGET_NAME = RamdomHeroApp;
			};
			name = Release;
		};
/* End XCBuildConfiguration section */

/* Begin XCConfigurationList section */
		183E9DC32CEF52F70044F3C4 /* Build configuration list for PBXProject "RamdomHeroApp" */ = {
			isa = XCConfigurationList;
			buildConfigurations = (
				183E9DF42CEF52F90044F3C4 /* Debug */,
				183E9DF52CEF52F90044F3C4 /* Release */,
			);
			defaultConfigurationIsVisible = 0;
			defaultConfigurationName = Release;
		};
		183E9DF12CEF52F90044F3C4 /* Build configuration list for PBXNativeTarget "RamdomHeroApp" */ = {
			isa = XCConfigurationList;
			buildConfigurations = (
				183E9DF22CEF52F90044F3C4 /* Debug */,
				183E9DF32CEF52F90044F3C4 /* Release */,
			);
			defaultConfigurationIsVisible = 0;
			defaultConfigurationName = Release;
		};
		183E9DF62CEF52F90044F3C4 /* Build configuration list for PBXNativeTarget "RamdomHeroAppTests" */ = {
			isa = XCConfigurationList;
			buildConfigurations = (
				183E9DF72CEF52F90044F3C4 /* Debug */,
				183E9DF82CEF52F90044F3C4 /* Release */,
			);
			defaultConfigurationIsVisible = 0;
			defaultConfigurationName = Release;
		};
		183E9DF92CEF52F90044F3C4 /* Build configuration list for PBXNativeTarget "RamdomHeroAppUITests" */ = {
			isa = XCConfigurationList;
			buildConfigurations = (
				183E9DFA2CEF52F90044F3C4 /* Debug */,
				183E9DFB2CEF52F90044F3C4 /* Release */,
			);
			defaultConfigurationIsVisible = 0;
			defaultConfigurationName = Release;
		};
/* End XCConfigurationList section */
	};
	rootObject = 183E9DC02CEF52F70044F3C4 /* Project object */;
}
